
Microsoft Visual Studio Solution File, Format Version 12.00
# Visual Studio 15
VisualStudioVersion = 15.0.27130.2027
MinimumVisualStudioVersion = 10.0.40219.1
Project("{159641D6-6404-4A2A-AE62-294DE0FE8301}") = "DataWarehouse", "DataWarehouse\DataWarehouse.dtproj", "{BA426345-2E00-4FD8-B055-A987F3664501}"
EndProject
Global
	GlobalSection(SolutionConfigurationPlatforms) = preSolution
		Development|Default = Development|Default
	EndGlobalSection
	GlobalSection(ProjectConfigurationPlatforms) = postSolution
		{BA426345-2E00-4FD8-B055-A987F3664501}.Development|Default.ActiveCfg = Development
		{BA426345-2E00-4FD8-B055-A987F3664501}.Development|Default.Build.0 = Development
	EndGlobalSection
	GlobalSection(SolutionProperties) = preSolution
		HideSolutionNode = FALSE
	EndGlobalSection
	GlobalSection(ExtensibilityGlobals) = postSolution
		SolutionGuid = {3C24FB76-2E81-4FB3-BA04-52F049848CFE}
	EndGlobalSection
EndGlobal
